{
  "name": "san",
  "version": "1.0.0",
  "lockfileVersion": 1,
  "requires": true,
  "dependencies": {
    "typescript": {
      "version": "4.2.0-dev.20201211",
      "resolved": "https://registry.npmjs.org/typescript/-/typescript-4.2.0-dev.20201211.tgz",
      "integrity": "sha512-k+ENtRQ+u9ZWF7URgAAHYTPSVu8imLa7a08XmZG+swJZTeOZJMrzFfklK/Wn5765RFG6kh2nnvcQaO9AtR/DGg=="
    }
  }
}
